
Microsoft Visual Studio Solution File, Format Version 12.00
# Visual Studio 15
VisualStudioVersion = 15.0.27428.2002
MinimumVisualStudioVersion = 10.0.40219.1
Project("{FAE04EC0-301F-11D3-BF4B-00C04F79EFBC}") = "FigureSearch", "FigureSearch\FigureSearch.csproj", "{49AAC898-C79A-4E03-A7F1-B7FE593F8E10}"
EndProject
Global
	GlobalSection(SolutionConfigurationPlatforms) = preSolution
		Debug|Any CPU = Debug|Any CPU
		Release|Any CPU = Release|Any CPU
	EndGlobalSection
	GlobalSection(ProjectConfigurationPlatforms) = postSolution
		{49AAC898-C79A-4E03-A7F1-B7FE593F8E10}.Debug|Any CPU.ActiveCfg = Debug|Any CPU
		{49AAC898-C79A-4E03-A7F1-B7FE593F8E10}.Debug|Any CPU.Build.0 = Debug|Any CPU
		{49AAC898-C79A-4E03-A7F1-B7FE593F8E10}.Release|Any CPU.ActiveCfg = Release|Any CPU
		{49AAC898-C79A-4E03-A7F1-B7FE593F8E10}.Release|Any CPU.Build.0 = Release|Any CPU
	EndGlobalSection
	GlobalSection(SolutionProperties) = preSolution
		HideSolutionNode = FALSE
	EndGlobalSection
	GlobalSection(ExtensibilityGlobals) = postSolution
		SolutionGuid = {04904EF9-00E4-4F85-9BAD-4CA98A6E9E14}
	EndGlobalSection
EndGlobal
